{
  "lockfileVersion": 1,
  "configVersion": 1,
  "workspaces": {
    "": {
      "name": "sigpro-grid",
      "dependencies": {
        "ag-grid-community": "^35.2.0",
        "ag-grid-enterprise": "^35.2.0",
      },
      "devDependencies": {
        "sigpro-ui": "^1.2.6",
      },
      "peerDependencies": {
        "sigpro": "^1.2.28",
      },
    },
  },
  "packages": {
    "ag-charts-community": ["ag-charts-community@13.2.1", "", { "dependencies": { "ag-charts-core": "13.2.1", "ag-charts-locale": "13.2.1", "ag-charts-types": "13.2.1" } }, "sha512-A+DCiesRp6WQ5R5e3x9bLh50IWCachVF6gkz6Dz4icMcq6WL5JNKL+xZEzrKYl+kuD8Y8728xmVm/H53o9Nayw=="],

    "ag-charts-core": ["ag-charts-core@13.2.1", "", { "dependencies": { "ag-charts-types": "13.2.1" } }, "sha512-Y7rk3kF+fA6bUMjU+vIzG5rRBd+8EKjyIjzNR2uV1+HyrlnOn6b7Eb9HPkDUoosWHhz+UNCOW/lYDzPP6mivHQ=="],

    "ag-charts-enterprise": ["ag-charts-enterprise@13.2.1", "", { "dependencies": { "ag-charts-community": "13.2.1", "ag-charts-core": "13.2.1" } }, "sha512-QiNuNUu3o5qWUz9cPLuKr9r9k2YsO8Nwp4qJGR0s76WT6AeCmqKa12cSJrvIpwvPdjZ3PVlwsMA8s8EZ4dqrXA=="],

    "ag-charts-locale": ["ag-charts-locale@13.2.1", "", {}, "sha512-lwwV/l/O187R4DYUfjm6p8LijITe46IlDz8nOxNQNJAOpkzs+cWmjSxfNiM1BMVCWTcMdah/AKN+6iihbDa8IA=="],

    "ag-charts-types": ["ag-charts-types@13.2.1", "", {}, "sha512-r7veb3QqJtIKlXmeUsLR4/oDPwmHxFI2tmbZra/203mdaz3uwQUrrgYNg628nrK+7L2YxXnwGc6L05tWjLLjNQ=="],

    "ag-grid-community": ["ag-grid-community@35.2.1", "", { "dependencies": { "ag-charts-types": "13.2.1" } }, "sha512-ycmGI+1EbUT7i3eg/Kgi1owwnkdHXRufo10Xm6cfSsVPM3TMpvlbLgi28KIPt9DGHZWHq9fOBn7nxMNdv1Yaow=="],

    "ag-grid-enterprise": ["ag-grid-enterprise@35.2.1", "", { "dependencies": { "ag-grid-community": "35.2.1" }, "optionalDependencies": { "ag-charts-community": "13.2.1", "ag-charts-enterprise": "13.2.1" } }, "sha512-nLl06cc7/THzf7mGZt7PotdeaBN74X3K9g2looyvJEymrOOJfjrLePrV4aNNhz/WZnATkbyblm5DM/qv3BeHKA=="],

    "sigpro": ["sigpro@1.2.28", "", {}, "sha512-4fz70tNpLdgyreLweEuORdlTqvegCrjohgU6wHtil7+ItjSMsu2u0+1ICE06xsybgReCi+YCkGndwukwBLfMHA=="],

    "sigpro-ui": ["sigpro-ui@1.2.6", "", {}, "sha512-I0HP4yGJ5wtVYTDd2Ig6Wqk7iUV8hlaq3DO7KZIG8ZKmZMRMWAaBzz5i4gFelY5hfpcwo0wJk7KVFYVbaXZXsg=="],
  }
}
