{
  "lockfileVersion": 1,
  "configVersion": 1,
  "workspaces": {
    "": {
      "name": "sigpro-grid",
      "dependencies": {
        "ag-grid-community": "^35.2.0",
        "ag-grid-enterprise": "^35.2.0",
      },
    },
  },
  "packages": {
    "ag-charts-community": ["ag-charts-community@13.2.0", "", { "dependencies": { "ag-charts-core": "13.2.0", "ag-charts-locale": "13.2.0", "ag-charts-types": "13.2.0" } }, "sha512-l6m9vpDj99zzDJjZJTbQ0egz7yS+am/lk94WHT9ZAyl9F2Z+iLpbubRtvK/+sfqQwRX77UpdfPvS8Yd0Fv01mw=="],

    "ag-charts-core": ["ag-charts-core@13.2.0", "", { "dependencies": { "ag-charts-types": "13.2.0" } }, "sha512-wZwyd9rqCJh7IvKqtsTieg36+04tMBshqrkE4xxzb7QfSKPw9cnTKj59Fv43KlrUkpIExaxKdAAG3KUyk93Nzg=="],

    "ag-charts-enterprise": ["ag-charts-enterprise@13.2.0", "", { "dependencies": { "ag-charts-community": "13.2.0", "ag-charts-core": "13.2.0" } }, "sha512-tMQt8iPyNxMe88z4Wh2SWpR5twyynl8PCN3PBTGhoYnGrNCmoxNqdhLrGaZ+hFNThqd4j9TS8znhGn08B0a9pQ=="],

    "ag-charts-locale": ["ag-charts-locale@13.2.0", "", {}, "sha512-3keMSjAMskIPQ67OkYL58HVBJI+YwbD0qXJaKtfeyE2aI0pPuDXO/jM6WlFJEoPodkVtcEPO9vKu8Vo/S/1vPg=="],

    "ag-charts-types": ["ag-charts-types@13.2.0", "", {}, "sha512-O9TTqZmKwLpjylaxxfKqiQ3reWplCSkyB0yG/cRYKxyyIPxEIh312E/aFn63F0rqdY+yYvz/7xe4rmF6clL1gw=="],

    "ag-grid-community": ["ag-grid-community@35.2.0", "", { "dependencies": { "ag-charts-types": "13.2.0" } }, "sha512-YLprL+RsOLHbhgpCXN62MASHGhtR4g1z4bNTY4dnUqKU/RRts13TgHukOEA5JKjyDpeQic8JA17bY8hO/KZBfQ=="],

    "ag-grid-enterprise": ["ag-grid-enterprise@35.2.0", "", { "dependencies": { "ag-grid-community": "35.2.0" }, "optionalDependencies": { "ag-charts-community": "13.2.0", "ag-charts-enterprise": "13.2.0" } }, "sha512-qz/sLOCZl5B4hnVdrF95R2O5ZqHHh15a0a/fl6ath/BD4pJYpbFKFVaF5WNPXubUpHtH5v2JvnZ7tZdezWwedw=="],
  }
}
